// !$*UTF8*$!
{
	archiveVersion = 1;
	classes = {
	};
	objectVersion = 55;
	objects = {

/* Begin PBXBuildFile section */
		578380ED2BFBCBBB0062DA24 /* AppDelegate.swift in Sources */ = {isa = PBXBuildFile; fileRef = 578380EC2BFBCBBB0062DA24 /* AppDelegate.swift */; };
		578380EF2BFBCBBB0062DA24 /* SceneDelegate.swift in Sources */ = {isa = PBXBuildFile; fileRef = 578380EE2BFBCBBB0062DA24 /* SceneDelegate.swift */; };
		578380F12BFBCBBB0062DA24 /* iniciarSesionViewController.swift in Sources */ = {isa = PBXBuildFile; fileRef = 578380F02BFBCBBB0062DA24 /* iniciarSesionViewController.swift */; };
		578380F42BFBCBBB0062DA24 /* Main.storyboard in Resources */ = {isa = PBXBuildFile; fileRef = 578380F22BFBCBBB0062DA24 /* Main.storyboard */; };
		578380F62BFBCBBE0062DA24 /* Assets.xcassets in Resources */ = {isa = PBXBuildFile; fileRef = 578380F52BFBCBBE0062DA24 /* Assets.xcassets */; };
		578380F92BFBCBBE0062DA24 /* LaunchScreen.storyboard in Resources */ = {isa = PBXBuildFile; fileRef = 578380F72BFBCBBE0062DA24 /* LaunchScreen.storyboard */; };
		578381012BFBCE1B0062DA24 /* GoogleService-Info.plist in Resources */ = {isa = PBXBuildFile; fileRef = 578381002BFBCE1B0062DA24 /* GoogleService-Info.plist */; };
		86C458A274DDAC3B9791189C /* Pods_KachaSnapchat.framework in Frameworks */ = {isa = PBXBuildFile; fileRef = 1A328412A3A35E59A9508DB4 /* Pods_KachaSnapchat.framework */; };
/* End PBXBuildFile section */

/* Begin PBXFileReference section */
		1A328412A3A35E59A9508DB4 /* Pods_KachaSnapchat.framework */ = {isa = PBXFileReference; explicitFileType = wrapper.framework; includeInIndex = 0; path = Pods_KachaSnapchat.framework; sourceTree = BUILT_PRODUCTS_DIR; };
		578380E92BFBCBBB0062DA24 /* KachaSnapchat.app */ = {isa = PBXFileReference; explicitFileType = wrapper.application; includeInIndex = 0; path = KachaSnapchat.app; sourceTree = BUILT_PRODUCTS_DIR; };
		578380EC2BFBCBBB0062DA24 /* AppDelegate.swift */ = {isa = PBXFileReference; lastKnownFileType = sourcecode.swift; path = AppDelegate.swift; sourceTree = "<group>"; };
		578380EE2BFBCBBB0062DA24 /* SceneDelegate.swift */ = {isa = PBXFileReference; lastKnownFileType = sourcecode.swift; path = SceneDelegate.swift; sourceTree = "<group>"; };
		578380F02BFBCBBB0062DA24 /* iniciarSesionViewController.swift */ = {isa = PBXFileReference; lastKnownFileType = sourcecode.swift; path = iniciarSesionViewController.swift; sourceTree = "<group>"; };
		578380F32BFBCBBB0062DA24 /* Base */ = {isa = PBXFileReference; lastKnownFileType = file.storyboard; name = Base; path = Base.lproj/Main.storyboard; sourceTree = "<group>"; };
		578380F52BFBCBBE0062DA24 /* Assets.xcassets */ = {isa = PBXFileReference; lastKnownFileType = folder.assetcatalog; path = Assets.xcassets; sourceTree = "<group>"; };
		578380F82BFBCBBE0062DA24 /* Base */ = {isa = PBXFileReference; lastKnownFileType = file.storyboard; name = Base; path = Base.lproj/LaunchScreen.storyboard; sourceTree = "<group>"; };
		578380FA2BFBCBBE0062DA24 /* Info.plist */ = {isa = PBXFileReference; lastKnownFileType = text.plist.xml; path = Info.plist; sourceTree = "<group>"; };
		578381002BFBCE1B0062DA24 /* GoogleService-Info.plist */ = {isa = PBXFileReference; fileEncoding = 4; lastKnownFileType = text.plist.xml; path = "GoogleService-Info.plist"; sourceTree = "<group>"; };
		B15FCEA0FE9AD3ECCB3C3FD8 /* Pods-KachaSnapchat.release.xcconfig */ = {isa = PBXFileReference; includeInIndex = 1; lastKnownFileType = text.xcconfig; name = "Pods-KachaSnapchat.release.xcconfig"; path = "Target Support Files/Pods-KachaSnapchat/Pods-KachaSnapchat.release.xcconfig"; sourceTree = "<group>"; };
		B6200CBDC9A57234DF80EBB6 /* Pods-KachaSnapchat.debug.xcconfig */ = {isa = PBXFileReference; includeInIndex = 1; lastKnownFileType = text.xcconfig; name = "Pods-KachaSnapchat.debug.xcconfig"; path = "Target Support Files/Pods-KachaSnapchat/Pods-KachaSnapchat.debug.xcconfig"; sourceTree = "<group>"; };
/* End PBXFileReference section */

/* Begin PBXFrameworksBuildPhase section */
		578380E62BFBCBBB0062DA24 /* Frameworks */ = {
			isa = PBXFrameworksBuildPhase;
			buildActionMask = 2147483647;
			files = (
				86C458A274DDAC3B9791189C /* Pods_KachaSnapchat.framework in Frameworks */,
			);
			runOnlyForDeploymentPostprocessing = 0;
		};
/* End PBXFrameworksBuildPhase section */

/* Begin PBXGroup section */
		578380E02BFBCBBB0062DA24 = {
			isa = PBXGroup;
			children = (
				578380EB2BFBCBBB0062DA24 /* KachaSnapchat */,
				578380EA2BFBCBBB0062DA24 /* Products */,
				6E4CE0F9743346D005367D73 /* Pods */,
				7A8E4ED087F00BE16D156CC3 /* Frameworks */,
			);
			sourceTree = "<group>";
		};
		578380EA2BFBCBBB0062DA24 /* Products */ = {
			isa = PBXGroup;
			children = (
				578380E92BFBCBBB0062DA24 /* KachaSnapchat.app */,
			);
			name = Products;
			sourceTree = "<group>";
		};
		578380EB2BFBCBBB0062DA24 /* KachaSnapchat */ = {
			isa = PBXGroup;
			children = (
				578380EC2BFBCBBB0062DA24 /* AppDelegate.swift */,
				578380EE2BFBCBBB0062DA24 /* SceneDelegate.swift */,
				578380F02BFBCBBB0062DA24 /* iniciarSesionViewController.swift */,
				578380F22BFBCBBB0062DA24 /* Main.storyboard */,
				578380F52BFBCBBE0062DA24 /* Assets.xcassets */,
				578380F72BFBCBBE0062DA24 /* LaunchScreen.storyboard */,
				578380FA2BFBCBBE0062DA24 /* Info.plist */,
				578381002BFBCE1B0062DA24 /* GoogleService-Info.plist */,
			);
			path = KachaSnapchat;
			sourceTree = "<group>";
		};
		6E4CE0F9743346D005367D73 /* Pods */ = {
			isa = PBXGroup;
			children = (
				B6200CBDC9A57234DF80EBB6 /* Pods-KachaSnapchat.debug.xcconfig */,
				B15FCEA0FE9AD3ECCB3C3FD8 /* Pods-KachaSnapchat.release.xcconfig */,
			);
			path = Pods;
			sourceTree = "<group>";
		};
		7A8E4ED087F00BE16D156CC3 /* Frameworks */ = {
			isa = PBXGroup;
			children = (
				1A328412A3A35E59A9508DB4 /* Pods_KachaSnapchat.framework */,
			);
			name = Frameworks;
			sourceTree = "<group>";
		};
/* End PBXGroup section */

/* Begin PBXNativeTarget section */
		578380E82BFBCBBB0062DA24 /* KachaSnapchat */ = {
			isa = PBXNativeTarget;
			buildConfigurationList = 578380FD2BFBCBBE0062DA24 /* Build configuration list for PBXNativeTarget "KachaSnapchat" */;
			buildPhases = (
				0EB9051DDD2F5D0E21FBBCE4 /* [CP] Check Pods Manifest.lock */,
				578380E52BFBCBBB0062DA24 /* Sources */,
				578380E62BFBCBBB0062DA24 /* Frameworks */,
				578380E72BFBCBBB0062DA24 /* Resources */,
				1029891EC0D28C16DC5ECFC3 /* [CP] Embed Pods Frameworks */,
			);
			buildRules = (
			);
			dependencies = (
			);
			name = KachaSnapchat;
			productName = KachaSnapchat;
			productReference = 578380E92BFBCBBB0062DA24 /* KachaSnapchat.app */;
			productType = "com.apple.product-type.application";
		};
/* End PBXNativeTarget section */

/* Begin PBXProject section */
		578380E12BFBCBBB0062DA24 /* Project object */ = {
			isa = PBXProject;
			attributes = {
				BuildIndependentTargetsInParallel = 1;
				LastSwiftUpdateCheck = 1340;
				LastUpgradeCheck = 1340;
				TargetAttributes = {
					578380E82BFBCBBB0062DA24 = {
						CreatedOnToolsVersion = 13.4.1;
					};
				};
			};
			buildConfigurationList = 578380E42BFBCBBB0062DA24 /* Build configuration list for PBXProject "KachaSnapchat" */;
			compatibilityVersion = "Xcode 13.0";
			developmentRegion = en;
			hasScannedForEncodings = 0;
			knownRegions = (
				en,
				Base,
			);
			mainGroup = 578380E02BFBCBBB0062DA24;
			productRefGroup = 578380EA2BFBCBBB0062DA24 /* Products */;
			projectDirPath = "";
			projectRoot = "";
			targets = (
				578380E82BFBCBBB0062DA24 /* KachaSnapchat */,
			);
		};
/* End PBXProject section */

/* Begin PBXResourcesBuildPhase section */
		578380E72BFBCBBB0062DA24 /* Resources */ = {
			isa = PBXResourcesBuildPhase;
			buildActionMask = 2147483647;
			files = (
				578380F92BFBCBBE0062DA24 /* LaunchScreen.storyboard in Resources */,
				578381012BFBCE1B0062DA24 /* GoogleService-Info.plist in Resources */,
				578380F62BFBCBBE0062DA24 /* Assets.xcassets in Resources */,
				578380F42BFBCBBB0062DA24 /* Main.storyboard in Resources */,
			);
			runOnlyForDeploymentPostprocessing = 0;
		};
/* End PBXResourcesBuildPhase section */

/* Begin PBXShellScriptBuildPhase section */
		0EB9051DDD2F5D0E21FBBCE4 /* [CP] Check Pods Manifest.lock */ = {
			isa = PBXShellScriptBuildPhase;
			buildActionMask = 2147483647;
			files = (
			);
			inputFileListPaths = (
			);
			inputPaths = (
				"${PODS_PODFILE_DIR_PATH}/Podfile.lock",
				"${PODS_ROOT}/Manifest.lock",
			);
			name = "[CP] Check Pods Manifest.lock";
			outputFileListPaths = (
			);
			outputPaths = (
				"$(DERIVED_FILE_DIR)/Pods-KachaSnapchat-checkManifestLockResult.txt",
			);
			runOnlyForDeploymentPostprocessing = 0;
			shellPath = /bin/sh;
			shellScript = "diff \"${PODS_PODFILE_DIR_PATH}/Podfile.lock\" \"${PODS_ROOT}/Manifest.lock\" > /dev/null\nif [ $? != 0 ] ; then\n    # print error to STDERR\n    echo \"error: The sandbox is not in sync with the Podfile.lock. Run 'pod install' or update your CocoaPods installation.\" >&2\n    exit 1\nfi\n# This output is used by Xcode 'outputs' to avoid re-running this script phase.\necho \"SUCCESS\" > \"${SCRIPT_OUTPUT_FILE_0}\"\n";
			showEnvVarsInLog = 0;
		};
		1029891EC0D28C16DC5ECFC3 /* [CP] Embed Pods Frameworks */ = {
			isa = PBXShellScriptBuildPhase;
			buildActionMask = 2147483647;
			files = (
			);
			inputFileListPaths = (
				"${PODS_ROOT}/Target Support Files/Pods-KachaSnapchat/Pods-KachaSnapchat-frameworks-${CONFIGURATION}-input-files.xcfilelist",
			);
			name = "[CP] Embed Pods Frameworks";
			outputFileListPaths = (
				"${PODS_ROOT}/Target Support Files/Pods-KachaSnapchat/Pods-KachaSnapchat-frameworks-${CONFIGURATION}-output-files.xcfilelist",
			);
			runOnlyForDeploymentPostprocessing = 0;
			shellPath = /bin/sh;
			shellScript = "\"${PODS_ROOT}/Target Support Files/Pods-KachaSnapchat/Pods-KachaSnapchat-frameworks.sh\"\n";
			showEnvVarsInLog = 0;
		};
/* End PBXShellScriptBuildPhase section */

/* Begin PBXSourcesBuildPhase section */
		578380E52BFBCBBB0062DA24 /* Sources */ = {
			isa = PBXSourcesBuildPhase;
			buildActionMask = 2147483647;
			files = (
				578380F12BFBCBBB0062DA24 /* iniciarSesionViewController.swift in Sources */,
				578380ED2BFBCBBB0062DA24 /* AppDelegate.swift in Sources */,
				578380EF2BFBCBBB0062DA24 /* SceneDelegate.swift in Sources */,
			);
			runOnlyForDeploymentPostprocessing = 0;
		};
/* End PBXSourcesBuildPhase section */

/* Begin PBXVariantGroup section */
		578380F22BFBCBBB0062DA24 /* Main.storyboard */ = {
			isa = PBXVariantGroup;
			children = (
				578380F32BFBCBBB0062DA24 /* Base */,
			);
			name = Main.storyboard;
			sourceTree = "<group>";
		};
		578380F72BFBCBBE0062DA24 /* LaunchScreen.storyboard */ = {
			isa = PBXVariantGroup;
			children = (
				578380F82BFBCBBE0062DA24 /* Base */,
			);
			name = LaunchScreen.storyboard;
			sourceTree = "<group>";
		};
/* End PBXVariantGroup section */

/* Begin XCBuildConfiguration section */
		578380FB2BFBCBBE0062DA24 /* Debug */ = {
			isa = XCBuildConfiguration;
			buildSettings = {
				ALWAYS_SEARCH_USER_PATHS = NO;
				CLANG_ANALYZER_NONNULL = YES;
				CLANG_ANALYZER_NUMBER_OBJECT_CONVERSION = YES_AGGRESSIVE;
				CLANG_CXX_LANGUAGE_STANDARD = "gnu++17";
				CLANG_ENABLE_MODULES = YES;
				CLANG_ENABLE_OBJC_ARC = YES;
				CLANG_ENABLE_OBJC_WEAK = YES;
				CLANG_WARN_BLOCK_CAPTURE_AUTORELEASING = YES;
				CLANG_WARN_BOOL_CONVERSION = YES;
				CLANG_WARN_COMMA = YES;
				CLANG_WARN_CONSTANT_CONVERSION = YES;
				CLANG_WARN_DEPRECATED_OBJC_IMPLEMENTATIONS = YES;
				CLANG_WARN_DIRECT_OBJC_ISA_USAGE = YES_ERROR;
				CLANG_WARN_DOCUMENTATION_COMMENTS = YES;
				CLANG_WARN_EMPTY_BODY = YES;
				CLANG_WARN_ENUM_CONVERSION = YES;
				CLANG_WARN_INFINITE_RECURSION = YES;
				CLANG_WARN_INT_CONVERSION = YES;
				CLANG_WARN_NON_LITERAL_NULL_CONVERSION = YES;
				CLANG_WARN_OBJC_IMPLICIT_RETAIN_SELF = YES;
				CLANG_WARN_OBJC_LITERAL_CONVERSION = YES;
				CLANG_WARN_OBJC_ROOT_CLASS = YES_ERROR;
				CLANG_WARN_QUOTED_INCLUDE_IN_FRAMEWORK_HEADER = YES;
				CLANG_WARN_RANGE_LOOP_ANALYSIS = YES;
				CLANG_WARN_STRICT_PROTOTYPES = YES;
				CLANG_WARN_SUSPICIOUS_MOVE = YES;
				CLANG_WARN_UNGUARDED_AVAILABILITY = YES_AGGRESSIVE;
				CLANG_WARN_UNREACHABLE_CODE = YES;
				CLANG_WARN__DUPLICATE_METHOD_MATCH = YES;
				COPY_PHASE_STRIP = NO;
				DEBUG_INFORMATION_FORMAT = dwarf;
				ENABLE_STRICT_OBJC_MSGSEND = YES;
				ENABLE_TESTABILITY = YES;
				GCC_C_LANGUAGE_STANDARD = gnu11;
				GCC_DYNAMIC_NO_PIC = NO;
				GCC_NO_COMMON_BLOCKS = YES;
				GCC_OPTIMIZATION_LEVEL = 0;
				GCC_PREPROCESSOR_DEFINITIONS = (
					"DEBUG=1",
					"$(inherited)",
				);
				GCC_WARN_64_TO_32_BIT_CONVERSION = YES;
				GCC_WARN_ABOUT_RETURN_TYPE = YES_ERROR;
				GCC_WARN_UNDECLARED_SELECTOR = YES;
				GCC_WARN_UNINITIALIZED_AUTOS = YES_AGGRESSIVE;
				GCC_WARN_UNUSED_FUNCTION = YES;
				GCC_WARN_UNUSED_VARIABLE = YES;
				IPHONEOS_DEPLOYMENT_TARGET = 15.5;
				MTL_ENABLE_DEBUG_INFO = INCLUDE_SOURCE;
				MTL_FAST_MATH = YES;
				ONLY_ACTIVE_ARCH = YES;
				SDKROOT = iphoneos;
				SWIFT_ACTIVE_COMPILATION_CONDITIONS = DEBUG;
				SWIFT_OPTIMIZATION_LEVEL = "-Onone";
			};
			name = Debug;
		};
		578380FC2BFBCBBE0062DA24 /* Release */ = {
			isa = XCBuildConfiguration;
			buildSettings = {
				ALWAYS_SEARCH_USER_PATHS = NO;
				CLANG_ANALYZER_NONNULL = YES;
				CLANG_ANALYZER_NUMBER_OBJECT_CONVERSION = YES_AGGRESSIVE;
				CLANG_CXX_LANGUAGE_STANDARD = "gnu++17";
				CLANG_ENABLE_MODULES = YES;
				CLANG_ENABLE_OBJC_ARC = YES;
				CLANG_ENABLE_OBJC_WEAK = YES;
				CLANG_WARN_BLOCK_CAPTURE_AUTORELEASING = YES;
				CLANG_WARN_BOOL_CONVERSION = YES;
				CLANG_WARN_COMMA = YES;
				CLANG_WARN_CONSTANT_CONVERSION = YES;
				CLANG_WARN_DEPRECATED_OBJC_IMPLEMENTATIONS = YES;
				CLANG_WARN_DIRECT_OBJC_ISA_USAGE = YES_ERROR;
				CLANG_WARN_DOCUMENTATION_COMMENTS = YES;
				CLANG_WARN_EMPTY_BODY = YES;
				CLANG_WARN_ENUM_CONVERSION = YES;
				CLANG_WARN_INFINITE_RECURSION = YES;
				CLANG_WARN_INT_CONVERSION = YES;
				CLANG_WARN_NON_LITERAL_NULL_CONVERSION = YES;
				CLANG_WARN_OBJC_IMPLICIT_RETAIN_SELF = YES;
				CLANG_WARN_OBJC_LITERAL_CONVERSION = YES;
				CLANG_WARN_OBJC_ROOT_CLASS = YES_ERROR;
				CLANG_WARN_QUOTED_INCLUDE_IN_FRAMEWORK_HEADER = YES;
				CLANG_WARN_RANGE_LOOP_ANALYSIS = YES;
				CLANG_WARN_STRICT_PROTOTYPES = YES;
				CLANG_WARN_SUSPICIOUS_MOVE = YES;
				CLANG_WARN_UNGUARDED_AVAILABILITY = YES_AGGRESSIVE;
				CLANG_WARN_UNREACHABLE_CODE = YES;
				CLANG_WARN__DUPLICATE_METHOD_MATCH = YES;
				COPY_PHASE_STRIP = NO;
				DEBUG_INFORMATION_FORMAT = "dwarf-with-dsym";
				ENABLE_NS_ASSERTIONS = NO;
				ENABLE_STRICT_OBJC_MSGSEND = YES;
				GCC_C_LANGUAGE_STANDARD = gnu11;
				GCC_NO_COMMON_BLOCKS = YES;
				GCC_WARN_64_TO_32_BIT_CONVERSION = YES;
				GCC_WARN_ABOUT_RETURN_TYPE = YES_ERROR;
				GCC_WARN_UNDECLARED_SELECTOR = YES;
				GCC_WARN_UNINITIALIZED_AUTOS = YES_AGGRESSIVE;
				GCC_WARN_UNUSED_FUNCTION = YES;
				GCC_WARN_UNUSED_VARIABLE = YES;
				IPHONEOS_DEPLOYMENT_TARGET = 15.5;
				MTL_ENABLE_DEBUG_INFO = NO;
				MTL_FAST_MATH = YES;
				SDKROOT = iphoneos;
				SWIFT_COMPILATION_MODE = wholemodule;
				SWIFT_OPTIMIZATION_LEVEL = "-O";
				VALIDATE_PRODUCT = YES;
			};
			name = Release;
		};
		578380FE2BFBCBBE0062DA24 /* Debug */ = {
			isa = XCBuildConfiguration;
			baseConfigurationReference = B6200CBDC9A57234DF80EBB6 /* Pods-KachaSnapchat.debug.xcconfig */;
			buildSettings = {
				ASSETCATALOG_COMPILER_APPICON_NAME = AppIcon;
				ASSETCATALOG_COMPILER_GLOBAL_ACCENT_COLOR_NAME = AccentColor;
				CODE_SIGN_STYLE = Automatic;
				CURRENT_PROJECT_VERSION = 1;
				GENERATE_INFOPLIST_FILE = YES;
				INFOPLIST_FILE = KachaSnapchat/Info.plist;
				INFOPLIST_KEY_UIApplicationSupportsIndirectInputEvents = YES;
				INFOPLIST_KEY_UILaunchStoryboardName = LaunchScreen;
				INFOPLIST_KEY_UIMainStoryboardFile = Main;
				INFOPLIST_KEY_UISupportedInterfaceOrientations_iPad = "UIInterfaceOrientationPortrait UIInterfaceOrientationPortraitUpsideDown UIInterfaceOrientationLandscapeLeft UIInterfaceOrientationLandscapeRight";
				INFOPLIST_KEY_UISupportedInterfaceOrientations_iPhone = "UIInterfaceOrientationPortrait UIInterfaceOrientationLandscapeLeft UIInterfaceOrientationLandscapeRight";
				LD_RUNPATH_SEARCH_PATHS = (
					"$(inherited)",
					"@executable_path/Frameworks",
				);
				MARKETING_VERSION = 1.0;
				PRODUCT_BUNDLE_IDENTIFIER = deah.com.KachaSnapchat;
				PRODUCT_NAME = "$(TARGET_NAME)";
				SWIFT_EMIT_LOC_STRINGS = YES;
				SWIFT_VERSION = 5.0;
				TARGETED_DEVICE_FAMILY = "1,2";
			};
			name = Debug;
		};
		578380FF2BFBCBBE0062DA24 /* Release */ = {
			isa = XCBuildConfiguration;
			baseConfigurationReference = B15FCEA0FE9AD3ECCB3C3FD8 /* Pods-KachaSnapchat.release.xcconfig */;
			buildSettings = {
				ASSETCATALOG_COMPILER_APPICON_NAME = AppIcon;
				ASSETCATALOG_COMPILER_GLOBAL_ACCENT_COLOR_NAME = AccentColor;
				CODE_SIGN_STYLE = Automatic;
				CURRENT_PROJECT_VERSION = 1;
				GENERATE_INFOPLIST_FILE = YES;
				INFOPLIST_FILE = KachaSnapchat/Info.plist;
				INFOPLIST_KEY_UIApplicationSupportsIndirectInputEvents = YES;
				INFOPLIST_KEY_UILaunchStoryboardName = LaunchScreen;
				INFOPLIST_KEY_UIMainStoryboardFile = Main;
				INFOPLIST_KEY_UISupportedInterfaceOrientations_iPad = "UIInterfaceOrientationPortrait UIInterfaceOrientationPortraitUpsideDown UIInterfaceOrientationLandscapeLeft UIInterfaceOrientationLandscapeRight";
				INFOPLIST_KEY_UISupportedInterfaceOrientations_iPhone = "UIInterfaceOrientationPortrait UIInterfaceOrientationLandscapeLeft UIInterfaceOrientationLandscapeRight";
				LD_RUNPATH_SEARCH_PATHS = (
					"$(inherited)",
					"@executable_path/Frameworks",
				);
				MARKETING_VERSION = 1.0;
				PRODUCT_BUNDLE_IDENTIFIER = deah.com.KachaSnapchat;
				PRODUCT_NAME = "$(TARGET_NAME)";
				SWIFT_EMIT_LOC_STRINGS = YES;
				SWIFT_VERSION = 5.0;
				TARGETED_DEVICE_FAMILY = "1,2";
			};
			name = Release;
		};
/* End XCBuildConfiguration section */

/* Begin XCConfigurationList section */
		578380E42BFBCBBB0062DA24 /* Build configuration list for PBXProject "KachaSnapchat" */ = {
			isa = XCConfigurationList;
			buildConfigurations = (
				578380FB2BFBCBBE0062DA24 /* Debug */,
				578380FC2BFBCBBE0062DA24 /* Release */,
			);
			defaultConfigurationIsVisible = 0;
			defaultConfigurationName = Release;
		};
		578380FD2BFBCBBE0062DA24 /* Build configuration list for PBXNativeTarget "KachaSnapchat" */ = {
			isa = XCConfigurationList;
			buildConfigurations = (
				578380FE2BFBCBBE0062DA24 /* Debug */,
				578380FF2BFBCBBE0062DA24 /* Release */,
			);
			defaultConfigurationIsVisible = 0;
			defaultConfigurationName = Release;
		};
/* End XCConfigurationList section */
	};
	rootObject = 578380E12BFBCBBB0062DA24 /* Project object */;
}
